{
  "version": 4,
  "terraform_version": "1.13.3",
  "serial": 91,
  "lineage": "a40aecb2-a8bf-77db-161f-22787aef6c7a",
  "outputs": {
    "acr_id": {
      "value": "/subscriptions/80646857-9142-494b-90c5-32fea6acbc41/resourceGroups/devops2-maram-d-aks-rg/providers/Microsoft.ContainerRegistry/registries/shopmaramacr",
      "type": "string"
    },
    "ingress_ip": {
      "value": "70.153.84.206",
      "type": "string"
    },
    "managed_disk_id": {
      "value": "/subscriptions/80646857-9142-494b-90c5-32fea6acbc41/resourceGroups/devops2-maram-d-aks-rg/providers/Microsoft.Compute/disks/shopmaram-app-disk",
      "type": "string"
    },
    "sql_db_name": {
      "value": "shopmaram-sqldb",
      "type": "string"
    },
    "sql_fqdn": {
      "value": "shopmaram-sqlserver.database.windows.net",
      "type": "string"
    }
  },
  "resources": [
    {
      "mode": "data",
      "type": "azurerm_kubernetes_cluster",
      "name": "aks",
      "provider": "provider[\"registry.terraform.io/hashicorp/azurerm\"]",
      "instances": [
        {
          "schema_version": 0,
          "attributes": {
            "aci_connector_linux": null,
            "agent_pool_profile": [
              {
                "auto_scaling_enabled": false,
                "count": 2,
                "max_count": 0,
                "max_pods": 250,
                "min_count": 0,
                "name": "mka",
                "node_labels": {},
                "node_public_ip_enabled": false,
                "node_public_ip_prefix_id": "",
                "node_taints": [],
                "orchestrator_version": "1.32",
                "os_disk_size_gb": 128,
                "os_type": "Linux",
                "tags": {},
                "type": "VirtualMachineScaleSets",
                "upgrade_settings": [
                  {
                    "drain_timeout_in_minutes": 0,
                    "max_surge": "10%",
                    "node_soak_duration_in_minutes": 0
                  }
                ],
                "vm_size": "Standard_A2_v2",
                "vnet_subnet_id": "",
                "zones": []
              }
            ],
            "api_server_authorized_ip_ranges": [],
            "azure_active_directory_role_based_access_control": [],
            "azure_policy_enabled": null,
            "current_kubernetes_version": "1.32.7",
            "disk_encryption_set_id": "",
            "dns_prefix": "devops2-maram-d-aks-dns",
            "fqdn": "devops2-maram-d-aks-dns-dvnmrr0t.hcp.eastus.azmk8s.io",
            "http_application_routing_enabled": null,
            "http_application_routing_zone_name": null,
            "id": "/subscriptions/80646857-9142-494b-90c5-32fea6acbc41/resourceGroups/devops2-maram-d-aks-rg/providers/Microsoft.ContainerService/managedClusters/devops2-maram-d-aks-aks-cluster",
            "identity": [
              {
                "identity_ids": [],
                "principal_id": "5affd08a-5600-4787-aa2e-aaf66d73a85f",
                "tenant_id": "84f58ce9-43c8-4932-b908-591a8a3007d3",
                "type": "SystemAssigned"
              }
            ],
            "ingress_application_gateway": null,
            "key_management_service": [],
            "key_vault_secrets_provider": null,
            "kube_admin_config": [],
            "kube_admin_config_raw": "",
            "kube_config": [
              {
                "client_certificate": "LS0tLS1CRUdJTiBDRVJUSUZJQ0FURS0tLS0tCk1JSUZIVENDQXdXZ0F3SUJBZ0lRSUgzMFZub2Q0RElmQk9YaTRzSjNpREFOQmdrcWhraUc5dzBCQVFzRkFEQU4KTVFzd0NRWURWUVFERXdKallUQWVGdzB5TlRFd01UY3lNalEzTkRkYUZ3MHlOekV3TVRjeU1qVTNORGRhTURBeApGekFWQmdOVkJBb1REbk41YzNSbGJUcHRZWE4wWlhKek1SVXdFd1lEVlFRREV3eHRZWE4wWlhKamJHbGxiblF3CmdnSWlNQTBHQ1NxR1NJYjNEUUVCQVFVQUE0SUNEd0F3Z2dJS0FvSUNBUUN2KzRzUTZDVnZFWDg4eTBzUE55ay8Kc2RhbGdzOVVLaGtYK0lkQk9zQitWZVNiSDYwNGtMRFdndzRrWkNYUVpuZ2R6Zzd5ZjhSQml3bzlJUEI5dTRPdwp0TnpzeXlCbi9JcERqdjNPcFVnVGdsQUtjbWpxcnIyeE5PTTloS2ZxekZJSWowQy82TU0xV093Q2dtV1pRbE9VCjhLalc0SlZVdUU2U3gzTkZlb1JEQWcycVBEQnB5QjlnR3RuejRXSzdXRnhOMllpT2I2Nk1OQmtLbzRWTkRsMzUKanhBd1E5ajE1bTAvQll0RU0vallESkY0ZE9PUWVRakFJYXpqanFiV1BOVnhMd2xac0FlMldRT3JmYkpIRFpsWQpCY1E1TmRYc0o3N1ZnTFZaWGsxSzd6K2FvanE2Uzc5eXJoc2EwVzBJOWZDNEpkMjliTnB0ejM0VjFYRitIT1N3Ck5oTEdNMmtHbzlUNmtVdTIyUW02SWp3OXZQV25sYlZ3RHZaeXMyOFB5aFhyZFo1Y1h2V054clZlUVkzdTdpOWkKaFppUXpOQWZ0Y2tWUDc1ajMzZTJZNS9nVTRNTUZHYktUQTg4VktTempqSjhQZnlJS2RRTGx0T1VLVkNjMFNhQgpvK2J4Z2tUdjJ5ano2TCsrTC95aDB4Mjk0a1ByQXZ0OXdBSFNvTjcvcHFDa3VGSWsrUGtISWxTSko2TG9wU09uCkkrQVVGaGpOUHpKUDZPRmFBTVV3N0FYZnRHVHlIcWcwTkZ3aTdyNmpTMXB3SUpsZk9HNXZYSmgySUFhbmNrb3IKMm5nSTIxcm9aaGp1TTQ4ZGl4L1FzbUhsZHFXUnhHRk4zdGpQck80WjRCTTh0R0VnbENQUDRVUS94N29MV2JqTwo1TUpHQUFNSURhakNsS2ZLcWFVdWx3SURBUUFCbzFZd1ZEQU9CZ05WSFE4QkFmOEVCQU1DQmFBd0V3WURWUjBsCkJBd3dDZ1lJS3dZQkJRVUhBd0l3REFZRFZSMFRBUUgvQkFJd0FEQWZCZ05WSFNNRUdEQVdnQlJNdXhNc0tJbWkKYmRENXJkVlNDOWo4bTJuNXZqQU5CZ2txaGtpRzl3MEJBUXNGQUFPQ0FnRUFCRWhKNlJjZ25ONVZnMGc5enlEaApWSWc0RHdmNmhWUnljamxuRjQveStrY3dNN28xNnQxYTIrb3pEcjMxVW0rNkYxeVhzWit1d25hQjVXa083SitoCktmQVQ4RW9rQnhSSFhyTk9yU21UdE9JSlM2aVZEWDhZYVdyeThDTmZmeTdJaDdrZ1lobzlUaEpRdkdBYlM1NkYKY1ZuS3dseHdPdE1sUlU5NVl3UmRLT2VCUTQrcEp4VG9ody9Zb2xtc3dDczdHcVVGZW00WnU4S1E0VUpPRGlBeQozQUVEbHZHUEU0OFFuVDM2T3J6RXFzb3ZFMWtuT0JWb0x6bitKdldJV3gwalV0UFAydm9TV1JwejYvT3AzL1ZzCllaaS9XekFjblNHNVpLTGY5ZXZaejl2dzlhRjRDc2hMemZTL2dMT1ZhUTlxWUQ1VzBxT2doS1gyWDQ1T21WdTUKTEVHZWhlK0M2RzRXU2Z0dWlMdUplZlloNUZ5REJ5SzVHSG82Zk4yQ2pyYnZJODRZbzhxSldhejZLZm9sSGZjOQp4cysvYTRQZER4ZlRqWEFwR3BpNGJnZmswSXZqcFZjWjNwcTlmZENZbUtWc1lQd1pjL0FvcndWaTlLTTd3Ty8rCmFFMHlDRGV1YjNkd0NCSE03WVFwZy8zY3RSVENvdzVGVkVVOWdNdmtkNGFBWjBuSGhYQzVYdTJoczUrMGkrUzEKMjh4bWYyYmhxUDVLaDdOaEg4NnViMnd6YmdCZEpHN29Edm9peWx5eE95MnZlTHNGU01NZ3RtK3JLWnJzWkJnUApLbURaVTBoS1V2RXVTdE54WE9WM1A0dExVcFhFWkNISXh0WTZBdDFYYmVSZTYwWHJpRlBOdzJXR3hIc09SQ25VCnBSdUNrNGtISzdoWkNFQU1HSHM1bU5JPQotLS0tLUVORCBDRVJUSUZJQ0FURS0tLS0tCg==",
                "client_key": "LS0tLS1CRUdJTiBSU0EgUFJJVkFURSBLRVktLS0tLQpNSUlKS0FJQkFBS0NBZ0VBci91TEVPZ2xieEYvUE10TER6Y3BQN0hXcFlMUFZDb1pGL2lIUVRyQWZsWGtteCt0Ck9KQ3cxb01PSkdRbDBHWjRIYzRPOG4vRVFZc0tQU0R3ZmJ1RHNMVGM3TXNnWi95S1E0Nzl6cVZJRTRKUUNuSm8KNnE2OXNUVGpQWVNuNnN4U0NJOUF2K2pETlZqc0FvSmxtVUpUbFBDbzF1Q1ZWTGhPa3NkelJYcUVRd0lOcWp3dwphY2dmWUJyWjgrRml1MWhjVGRtSWptK3VqRFFaQ3FPRlRRNWQrWThRTUVQWTllWnRQd1dMUkRQNDJBeVJlSFRqCmtIa0l3Q0dzNDQ2bTFqelZjUzhKV2JBSHRsa0RxMzJ5UncyWldBWEVPVFhWN0NlKzFZQzFXVjVOU3U4L21xSTYKdWt1L2NxNGJHdEZ0Q1BYd3VDWGR2V3phYmM5K0ZkVnhmaHprc0RZU3hqTnBCcVBVK3BGTHR0a0p1aUk4UGJ6MQpwNVcxY0E3MmNyTnZEOG9WNjNXZVhGNzFqY2ExWGtHTjd1NHZZb1dZa016UUg3WEpGVCsrWTk5M3RtT2Y0Rk9ECkRCUm15a3dQUEZTa3M0NHlmRDM4aUNuVUM1YlRsQ2xRbk5FbWdhUG04WUpFNzlzbzgraS92aS84b2RNZHZlSkQKNndMN2ZjQUIwcURlLzZhZ3BMaFNKUGo1QnlKVWlTZWk2S1VqcHlQZ0ZCWVl6VDh5VCtqaFdnREZNT3dGMzdSawo4aDZvTkRSY0l1NitvMHRhY0NDWlh6aHViMXlZZGlBR3AzSktLOXA0Q050YTZHWVk3ak9QSFlzZjBMSmg1WGFsCmtjUmhUZDdZejZ6dUdlQVRQTFJoSUpRanorRkVQOGU2QzFtNHp1VENSZ0FEQ0Eyb3dwU255cW1sTHBjQ0F3RUEKQVFLQ0FnQU9TeVVKYzRHTzJ1SDF3eUZPbEJGaW5nUXNIMHJOc0Rtbmk4VVlsRGdNU3RldGpjNFkrUStUN01NYQpTNVFTc0Mvelk4Z3RCQm1ocFRSb3NLTTM0eUlZR1NpVWh3OFR3eHhMem5KbzlWMjhUK3BHWHZLTWxUTE5FTm1nCkpvVW8rZjF6dW9ic3ozQURoanh0RzhBNnlYdFdicEdZR2xlbXNPMlkyR0JSZFZrR3hFVHQzY09rNDk5QWhBM04KMURHYnU5cUxiQzYrT3UzM2IwZlZhR0NzV0kxamRxNCs3VlBTN1N0VVloUGtyei8zOUZWZ2JrWUpkdnN4OThvKwpGVmtScjVFNmh6S0FPVjcyL1pYaHVPemcvb2JFOG5yMGxwM1FkNDMxYzJYSFkzUnRzSzcrMVV4bDB6OHlobGVuClB2bFhML3FrU2xjUFNxY1hJakpBZmJ5aEhLR3FWOEV5Q2dXWFZaY2RiY0JoOVFndjRIdUVhNkcrRmRxRUxNVWIKWk56dCs1TjcwNHg2dklXOWRXQm1xV0xPVjRDN3FFSlhoSFFYdWZ2ZTBBNFg4eXdsamVKMkRwcElsNUdLNVlQYgpVNml0MEg0WUxybnRKVjVhdGZwWWJFUkg0TWk3cm1Sd1ZSS1NUTkNyK005d0tCZ3l4Q0FYcXIrN0MwUHQxY0xSClhYSm15ZWZKNjNPemN0UlhuMjFDdnhGK3lST3BhMkRiSmpqZ2xqU080WG1rVm45OEI4TFR1cWxwTGd6OXgyRFYKZ3VidnhiSSs5c1dOOUFoUkxrWk1rVCtPQnNzTW9mc0l5V3FoY3BSZmNOM1VvMUFtRTVmUjdHOEhWcjhqdFNHZAo4MHZiNXlDWWJUaFppemxGTTFrbWNqRldvVElxT3o5c1hCZTBnT2dzalJ5M1l0M3ZvUUtDQVFFQXlKeXZObXFNCnJxUUVBSlpkS0toaUttU1picmJKdXhGenNXQmtFamlMYmdVeXJxS3grK0h1akpSbTIxV1NieGpqdEIxTGRxVzQKRE5BbUZHWlpmbU9Fd0NmRk5XdUc5NEFhQjloN1h3QkNoczdyMkJyWWFZRTcyWWU0YVdvWFVSd1pUNUJqenlBTQpaTEZ5VnF0S1ZmVzY5VElJajlzR0tCUXhxNkxqdFJ6ZHNnYUlXaE1HSSs3cGE2cHJoUDJuTWlsdyt4UUtnTmIxCjFrZnNKNlNQZ25VVEFJTHptdXdyNWFWYml3K2o2VGFrbFBzc0NMRFY2Z1JTdmJoU2sxaXNyeTNqRm1lMElHQnEKSGVUbVVvWGNQMnM4YVBtUnluNHdCWHUzVDZINGgvbnQ5WlJhS1g4ODhOVE5EY2J1RzZzQlFycjAvY1lGZnlvZAowV1JZejZ5ODd4S3cwUUtDQVFFQTRKSUt0c3U0a1AzVzFJZGpKTFh4cEVrWktqZElFQy83MHFHanhLUmVpTGl4CklQK3hFbWJHcUduSEUyM204Uno2OG5rMnJaSFlQaFNsVFVFTlFJUGhJUW9xNytmeVNxR2F0OHN0U2VhOVA1RHUKZWhOVEtGK0JGMUwwK0JacVV3dE1ob3FtMC9MQjdGZzFMT3VUTHN4VXZvWFBEelJXakMwZnFBaVpsMFVVTy9ITApCL0FERHBHclEwdHBkbU5nQWtZSDEveTYvcmxwQ0RGM25aK1ZWLzNCaFdxY2svVlgzKzh2TmhZUFhLZVBURk5uClA2Z09md1lSVnAzVGNyUVMvQUJHQmV0YngwVXdROG1OTG95ZkVnMUszR0tnZzErRWV0SnMyWUNvMWJTVk1WQWMKbVkvQjVhTlltRGpMei9KV0dYUkl2THBpR0h0a3ByYUVLS283cllZQzV3S0NBUUVBazZjZkhzSVZnWVNlbllBTwpXUnAyQmhXOUNFdm85cExGd0V2ZDI3dGFoRU8zSmVvQmJnN0FjUi9aQko1YkJRSWd0alRKa2k0dTVOOWU1NnpkCk9iVXR3L0NCcWV2V2p0dnVUTS85SGRNbkkrbXdsSUpOdm5tci8xTnhXOFVHSEdDK0VGMkoySzBSOGhyWXVRbWgKME5yb0hBZ1RYUzRydmR2L0l3RGs4Q3lxejVrWFNwU3Q5RXluNk9LcCtGeHBidllwZmVNbVIrWHZVeVBrb05qeAo5MmNMOFZod3pCbi94U3FMMGpKVXhoVzkxUmw1TTN4VU5jV3cwSXFWM0hWcnhCUFdER3VQbkRUYVpkNVAxM1ZHCndqYS9ZOVFzaGdtU2RyYTBHUnh4dkVNcjdaQ2ZPK08yaXR0VmdVcGxmbC9Dc2NiQkF2ZDRuRHYzYm1LWksyRk0KUGZwWHdRS0NBUUF3eElZL0hBNkFyaDh4R0JXWHEwdEdlZmxWQ1p4RXA2YndIdG9Kb2doRmVKWStyRWd2enRIbApVTk5Dak9OU0NSRVdCdXl3MUxNNUNCSzlyQnJNbjljTDdjRlZSL0Y5ODRvOXo0bU9PdVZ1SUhNcFgzajNrNFhkCklzNi84VjQxbW9hTDBTQlpkcVpXUlBHSFI4RTJzSGpXeHdnb0xSMStZMjQwZDJtalNBVVUzM1ZQeS9kZCtwUk8Ka05uZU04WnR0L2VNRi80and1L2tMNW5pU1AyTmxqV29XM2FWU3ZwQ1R4YlprQURXQmkxQVRmeGwvb0RuWk5IdgpGV2NOeWIwMXJIbUlYNHdXd2hleElOdmY5L216V2QrZjdHc2ZIR2NRcFJHdVNocGdEazgzM2tYWHN6aFFQaURICkxjNVU0ak9BWTVoSUk5R1pyM0kwSWY2aE5oYXZvQ0tSQW9JQkFFSkpYT01TMzIyUEZpUjVoSDEzYTQxN1R4NzcKTGR3Ryt5T2gxN2JvQk0yeUlPRk5EV1VkSFFXV0xqNEhuS0h5NE9GN3hSR3ptV0pjNXJLd2Y1eFk3M21CWDJHQQpoV0N1bHlOR1A1Z3ZTYTBhSS95MDRoWUdMVWNDangwYWt3R2JqVmhTWm43NG5RelJGd2p2RUZBbzIwNFlsN2U0CitNM012ZEQvaHRxdU9lR0VjTytqUDE0OVlGSFdIRDNSbkN0OC9IM2ZpckpTNVV2eU9ST0ltNEZlc0pKYzdkVlEKa2tSTXFoVW1yait2T253ai9qaEpTeXNMb0hFN2VyeFNqK1JJNzl6MlpkeS9HSkd4VzZXcGVRWFdVU3A1Rk9PdgpSTTZSaW9mQ0tsWFE4K0w1L1JycXFTSjRKY2Y2dmpJenhjSGNKZS9RRkdZSjU5aGsrcGhTNkFLYWlhbz0KLS0tLS1FTkQgUlNBIFBSSVZBVEUgS0VZLS0tLS0K",
                "cluster_ca_certificate": "LS0tLS1CRUdJTiBDRVJUSUZJQ0FURS0tLS0tCk1JSUU2RENDQXRDZ0F3SUJBZ0lRZEorNE5zRjNaS3lhc0pJaUVjVWZQREFOQmdrcWhraUc5dzBCQVFzRkFEQU4KTVFzd0NRWURWUVFERXdKallUQWdGdzB5TlRFd01UY3lNalEzTkRkYUdBOHlNRFUxTVRBeE56SXlOVGMwTjFvdwpEVEVMTUFrR0ExVUVBeE1DWTJFd2dnSWlNQTBHQ1NxR1NJYjNEUUVCQVFVQUE0SUNEd0F3Z2dJS0FvSUNBUUMvCjRnR3F5U3B4bFd4N2s0Y0xSc2wvZ1Y0NmlvSW94VGNSQWsrVWhMViszajFzMWNUSURGMzZZQi9NcHpyVzlnWWIKdE5veEE0SzFmSHhTN255SE04WUd3UWFCVEZnRDA2U0FLbFFWSFE1TmdmR09zWHpXVFFWL1ZwY3dUQU9VbmJVUQp4V01yVk1XTm55R0dvRjBEblE1dFFxWmZ1MEY4UExHazNCRy9ldXQyZzFjYTF0cXR5U2tYNnE5WWhocDBlSWZaClpBRFJReEVvRzVoVUNJT3JGdCtCQU9RbEZuaXgwck5NYlRUR2I5cEU3SEhqM2FkenhJR2k4K3h5QzVIR3A4OFAKR1RSanNNS3ZHZFh6ZTA0emE2aTdjN3d4b1FYRGJQT2YxZUx0T284b04xT2Y3Vjd2R2IvbWtNN1BzREwrYWFWOQpEVEFlQ1pmaU1BSk1DakVvMlplV2UvNzJHNS82Q0FWY2xKN3lBS2FIaWRCbm5GelBrMmQyMmxuUGtMUzB2YmxSCkFIOHZJUkVhWUx0WGhPdlY2bjFyYlJVcEpFMVV5N0xNbjAvUVc5Q3puWGg2Vmo2U0orMnd3ZE9SekVMMlAxS0UKeENNNnRWbVlPaHZVVldwcy85aC9vYzBNT1pTVXZWRGNHaktudXdmUXZoaERQeE9tc2Ftd0k3akc3RkdJQWhXTgozTG5HMmlzdExya1ZzQzZ3cXh4SjRId3ozNHQ2UEhnSFNLenJmdVFveVpMQThOOFlxdWtaZW9LU1V2dDFIeWIwCjIvN1NFUnkvRlBKcUU3Y2s5RDhQdmNMWVFZNWFteGhiOWQzWFRkVzVTRGE3M242L0Vid3RBNkRrYXVmc1pOcnkKaXRaY2hkOUw1S3E4eTA5U2s4cDZ6ZzAyYWFXM0NsL3VuMHh6bFZOZzJRSURBUUFCbzBJd1FEQU9CZ05WSFE4QgpBZjhFQkFNQ0FxUXdEd1lEVlIwVEFRSC9CQVV3QXdFQi96QWRCZ05WSFE0RUZnUVVUTHNUTENpSm9tM1ErYTNWClVndlkvSnRwK2I0d0RRWUpLb1pJaHZjTkFRRUxCUUFEZ2dJQkFGVk10ekdmNXUxVnhoQmlBdm5lQkY5ZlhsYW8Kd3NoT1VQYjFmTWt0YWJjSHhOTCs0N0FrcHlzUG96aXRDeUkrUUFkS3laa3NWNjZWajNwUXA3S2hDQXRMS0lWQQo0SlN1SnlMMkZlcmhwVXBJUlhtekRnYndTeEdvTVRBMDV5dGZUeE9rbVM3enFnRkNoWXFZdVNhVTZ4QmFORGFLCnkwU08yZnk4L3BVdmgyWjlDZFZ2RFlnVWhicHhjUmNVbFR0Tk9nRjY1d0FZSTBrb29TZCt0UFUvS0hZQ1dLcDUKTlFXeHBoMDZWb0hvL3JaVGJ3cmllbFVqVEpyVEd3WEU5eS9TWHA3SEZENmdqNTJlN3FNNS9NWXdTeVZMbkVJcApSei9yKzFwMGVpZEMzakt1N0puREpZVDVvUlJiVEkyTGFJdzhPZE9obFg2enNkeTEvZTNXVTVra0EzUTdSaC9BCmxqd1Y1Q0t0WjJKVk1Ud3FMTW83eEVOd2tXYm9HVHRhTC9sRVdBRnZJL3AzRytrS3oybUFaNWEwTmRLS3VBNEwKZjlzOHpXOHdvWVAxZVlTR3ZyT0lCeElDZlJqTFp2NUkwOEpwS1oyV0V6c0xoOC85VjcvWGpqSURvWVl2MHFaQwpvR1RWT3VncWRmcEt6MGVWdjJiZ3R3UmlrZzlLU3BuRzgrWTcvWitKbVBPZkppRWpCSG1LSHVrVG9pc2RiYUh4ClV1QWY3cEppRUZzWDB4MExpRlNCN1h0clFJNG5WZFFNWENRaXhXa0J4SU5HYUdGT2RHdUNGSncwT3pGRzhWazQKWVFxMnltSTRNeEFRczlUUEp4Q3N5VUlONWtxQkE1ZDd4dHBCUk90ZjRoeWFmdm9nckNVbDZBL3JBWDZnZExLdwpPM2pLRUIvYTFTdWFCNFRuCi0tLS0tRU5EIENFUlRJRklDQVRFLS0tLS0K",
                "host": "https://devops2-maram-d-aks-dns-dvnmrr0t.hcp.eastus.azmk8s.io:443",
                "password": "w3jlxp53jwc1nadbs9uuu4qzfl3hdxqs268thsoyksn3x9z6h02lq4v3eqcds7uvjfyj7d5jha2h55sftu4dsk2xuk7ha0unh2z33jt4bsghdlf2nsg171ki1sd6k3qi",
                "username": "clusterUser_devops2-maram-d-aks-rg_devops2-maram-d-aks-aks-cluster"
              }
            ],
            "kube_config_raw": "apiVersion: v1\nclusters:\n- cluster:\n    certificate-authority-data: LS0tLS1CRUdJTiBDRVJUSUZJQ0FURS0tLS0tCk1JSUU2RENDQXRDZ0F3SUJBZ0lRZEorNE5zRjNaS3lhc0pJaUVjVWZQREFOQmdrcWhraUc5dzBCQVFzRkFEQU4KTVFzd0NRWURWUVFERXdKallUQWdGdzB5TlRFd01UY3lNalEzTkRkYUdBOHlNRFUxTVRBeE56SXlOVGMwTjFvdwpEVEVMTUFrR0ExVUVBeE1DWTJFd2dnSWlNQTBHQ1NxR1NJYjNEUUVCQVFVQUE0SUNEd0F3Z2dJS0FvSUNBUUMvCjRnR3F5U3B4bFd4N2s0Y0xSc2wvZ1Y0NmlvSW94VGNSQWsrVWhMViszajFzMWNUSURGMzZZQi9NcHpyVzlnWWIKdE5veEE0SzFmSHhTN255SE04WUd3UWFCVEZnRDA2U0FLbFFWSFE1TmdmR09zWHpXVFFWL1ZwY3dUQU9VbmJVUQp4V01yVk1XTm55R0dvRjBEblE1dFFxWmZ1MEY4UExHazNCRy9ldXQyZzFjYTF0cXR5U2tYNnE5WWhocDBlSWZaClpBRFJReEVvRzVoVUNJT3JGdCtCQU9RbEZuaXgwck5NYlRUR2I5cEU3SEhqM2FkenhJR2k4K3h5QzVIR3A4OFAKR1RSanNNS3ZHZFh6ZTA0emE2aTdjN3d4b1FYRGJQT2YxZUx0T284b04xT2Y3Vjd2R2IvbWtNN1BzREwrYWFWOQpEVEFlQ1pmaU1BSk1DakVvMlplV2UvNzJHNS82Q0FWY2xKN3lBS2FIaWRCbm5GelBrMmQyMmxuUGtMUzB2YmxSCkFIOHZJUkVhWUx0WGhPdlY2bjFyYlJVcEpFMVV5N0xNbjAvUVc5Q3puWGg2Vmo2U0orMnd3ZE9SekVMMlAxS0UKeENNNnRWbVlPaHZVVldwcy85aC9vYzBNT1pTVXZWRGNHaktudXdmUXZoaERQeE9tc2Ftd0k3akc3RkdJQWhXTgozTG5HMmlzdExya1ZzQzZ3cXh4SjRId3ozNHQ2UEhnSFNLenJmdVFveVpMQThOOFlxdWtaZW9LU1V2dDFIeWIwCjIvN1NFUnkvRlBKcUU3Y2s5RDhQdmNMWVFZNWFteGhiOWQzWFRkVzVTRGE3M242L0Vid3RBNkRrYXVmc1pOcnkKaXRaY2hkOUw1S3E4eTA5U2s4cDZ6ZzAyYWFXM0NsL3VuMHh6bFZOZzJRSURBUUFCbzBJd1FEQU9CZ05WSFE4QgpBZjhFQkFNQ0FxUXdEd1lEVlIwVEFRSC9CQVV3QXdFQi96QWRCZ05WSFE0RUZnUVVUTHNUTENpSm9tM1ErYTNWClVndlkvSnRwK2I0d0RRWUpLb1pJaHZjTkFRRUxCUUFEZ2dJQkFGVk10ekdmNXUxVnhoQmlBdm5lQkY5ZlhsYW8Kd3NoT1VQYjFmTWt0YWJjSHhOTCs0N0FrcHlzUG96aXRDeUkrUUFkS3laa3NWNjZWajNwUXA3S2hDQXRMS0lWQQo0SlN1SnlMMkZlcmhwVXBJUlhtekRnYndTeEdvTVRBMDV5dGZUeE9rbVM3enFnRkNoWXFZdVNhVTZ4QmFORGFLCnkwU08yZnk4L3BVdmgyWjlDZFZ2RFlnVWhicHhjUmNVbFR0Tk9nRjY1d0FZSTBrb29TZCt0UFUvS0hZQ1dLcDUKTlFXeHBoMDZWb0hvL3JaVGJ3cmllbFVqVEpyVEd3WEU5eS9TWHA3SEZENmdqNTJlN3FNNS9NWXdTeVZMbkVJcApSei9yKzFwMGVpZEMzakt1N0puREpZVDVvUlJiVEkyTGFJdzhPZE9obFg2enNkeTEvZTNXVTVra0EzUTdSaC9BCmxqd1Y1Q0t0WjJKVk1Ud3FMTW83eEVOd2tXYm9HVHRhTC9sRVdBRnZJL3AzRytrS3oybUFaNWEwTmRLS3VBNEwKZjlzOHpXOHdvWVAxZVlTR3ZyT0lCeElDZlJqTFp2NUkwOEpwS1oyV0V6c0xoOC85VjcvWGpqSURvWVl2MHFaQwpvR1RWT3VncWRmcEt6MGVWdjJiZ3R3UmlrZzlLU3BuRzgrWTcvWitKbVBPZkppRWpCSG1LSHVrVG9pc2RiYUh4ClV1QWY3cEppRUZzWDB4MExpRlNCN1h0clFJNG5WZFFNWENRaXhXa0J4SU5HYUdGT2RHdUNGSncwT3pGRzhWazQKWVFxMnltSTRNeEFRczlUUEp4Q3N5VUlONWtxQkE1ZDd4dHBCUk90ZjRoeWFmdm9nckNVbDZBL3JBWDZnZExLdwpPM2pLRUIvYTFTdWFCNFRuCi0tLS0tRU5EIENFUlRJRklDQVRFLS0tLS0K\n    server: https://devops2-maram-d-aks-dns-dvnmrr0t.hcp.eastus.azmk8s.io:443\n  name: devops2-maram-d-aks-aks-cluster\ncontexts:\n- context:\n    cluster: devops2-maram-d-aks-aks-cluster\n    user: clusterUser_devops2-maram-d-aks-rg_devops2-maram-d-aks-aks-cluster\n  name: devops2-maram-d-aks-aks-cluster\ncurrent-context: devops2-maram-d-aks-aks-cluster\nkind: Config\npreferences: {}\nusers:\n- name: clusterUser_devops2-maram-d-aks-rg_devops2-maram-d-aks-aks-cluster\n  user:\n    client-certificate-data: LS0tLS1CRUdJTiBDRVJUSUZJQ0FURS0tLS0tCk1JSUZIVENDQXdXZ0F3SUJBZ0lRSUgzMFZub2Q0RElmQk9YaTRzSjNpREFOQmdrcWhraUc5dzBCQVFzRkFEQU4KTVFzd0NRWURWUVFERXdKallUQWVGdzB5TlRFd01UY3lNalEzTkRkYUZ3MHlOekV3TVRjeU1qVTNORGRhTURBeApGekFWQmdOVkJBb1REbk41YzNSbGJUcHRZWE4wWlhKek1SVXdFd1lEVlFRREV3eHRZWE4wWlhKamJHbGxiblF3CmdnSWlNQTBHQ1NxR1NJYjNEUUVCQVFVQUE0SUNEd0F3Z2dJS0FvSUNBUUN2KzRzUTZDVnZFWDg4eTBzUE55ay8Kc2RhbGdzOVVLaGtYK0lkQk9zQitWZVNiSDYwNGtMRFdndzRrWkNYUVpuZ2R6Zzd5ZjhSQml3bzlJUEI5dTRPdwp0TnpzeXlCbi9JcERqdjNPcFVnVGdsQUtjbWpxcnIyeE5PTTloS2ZxekZJSWowQy82TU0xV093Q2dtV1pRbE9VCjhLalc0SlZVdUU2U3gzTkZlb1JEQWcycVBEQnB5QjlnR3RuejRXSzdXRnhOMllpT2I2Nk1OQmtLbzRWTkRsMzUKanhBd1E5ajE1bTAvQll0RU0vallESkY0ZE9PUWVRakFJYXpqanFiV1BOVnhMd2xac0FlMldRT3JmYkpIRFpsWQpCY1E1TmRYc0o3N1ZnTFZaWGsxSzd6K2FvanE2Uzc5eXJoc2EwVzBJOWZDNEpkMjliTnB0ejM0VjFYRitIT1N3Ck5oTEdNMmtHbzlUNmtVdTIyUW02SWp3OXZQV25sYlZ3RHZaeXMyOFB5aFhyZFo1Y1h2V054clZlUVkzdTdpOWkKaFppUXpOQWZ0Y2tWUDc1ajMzZTJZNS9nVTRNTUZHYktUQTg4VktTempqSjhQZnlJS2RRTGx0T1VLVkNjMFNhQgpvK2J4Z2tUdjJ5ano2TCsrTC95aDB4Mjk0a1ByQXZ0OXdBSFNvTjcvcHFDa3VGSWsrUGtISWxTSko2TG9wU09uCkkrQVVGaGpOUHpKUDZPRmFBTVV3N0FYZnRHVHlIcWcwTkZ3aTdyNmpTMXB3SUpsZk9HNXZYSmgySUFhbmNrb3IKMm5nSTIxcm9aaGp1TTQ4ZGl4L1FzbUhsZHFXUnhHRk4zdGpQck80WjRCTTh0R0VnbENQUDRVUS94N29MV2JqTwo1TUpHQUFNSURhakNsS2ZLcWFVdWx3SURBUUFCbzFZd1ZEQU9CZ05WSFE4QkFmOEVCQU1DQmFBd0V3WURWUjBsCkJBd3dDZ1lJS3dZQkJRVUhBd0l3REFZRFZSMFRBUUgvQkFJd0FEQWZCZ05WSFNNRUdEQVdnQlJNdXhNc0tJbWkKYmRENXJkVlNDOWo4bTJuNXZqQU5CZ2txaGtpRzl3MEJBUXNGQUFPQ0FnRUFCRWhKNlJjZ25ONVZnMGc5enlEaApWSWc0RHdmNmhWUnljamxuRjQveStrY3dNN28xNnQxYTIrb3pEcjMxVW0rNkYxeVhzWit1d25hQjVXa083SitoCktmQVQ4RW9rQnhSSFhyTk9yU21UdE9JSlM2aVZEWDhZYVdyeThDTmZmeTdJaDdrZ1lobzlUaEpRdkdBYlM1NkYKY1ZuS3dseHdPdE1sUlU5NVl3UmRLT2VCUTQrcEp4VG9ody9Zb2xtc3dDczdHcVVGZW00WnU4S1E0VUpPRGlBeQozQUVEbHZHUEU0OFFuVDM2T3J6RXFzb3ZFMWtuT0JWb0x6bitKdldJV3gwalV0UFAydm9TV1JwejYvT3AzL1ZzCllaaS9XekFjblNHNVpLTGY5ZXZaejl2dzlhRjRDc2hMemZTL2dMT1ZhUTlxWUQ1VzBxT2doS1gyWDQ1T21WdTUKTEVHZWhlK0M2RzRXU2Z0dWlMdUplZlloNUZ5REJ5SzVHSG82Zk4yQ2pyYnZJODRZbzhxSldhejZLZm9sSGZjOQp4cysvYTRQZER4ZlRqWEFwR3BpNGJnZmswSXZqcFZjWjNwcTlmZENZbUtWc1lQd1pjL0FvcndWaTlLTTd3Ty8rCmFFMHlDRGV1YjNkd0NCSE03WVFwZy8zY3RSVENvdzVGVkVVOWdNdmtkNGFBWjBuSGhYQzVYdTJoczUrMGkrUzEKMjh4bWYyYmhxUDVLaDdOaEg4NnViMnd6YmdCZEpHN29Edm9peWx5eE95MnZlTHNGU01NZ3RtK3JLWnJzWkJnUApLbURaVTBoS1V2RXVTdE54WE9WM1A0dExVcFhFWkNISXh0WTZBdDFYYmVSZTYwWHJpRlBOdzJXR3hIc09SQ25VCnBSdUNrNGtISzdoWkNFQU1HSHM1bU5JPQotLS0tLUVORCBDRVJUSUZJQ0FURS0tLS0tCg==\n    client-key-data: LS0tLS1CRUdJTiBSU0EgUFJJVkFURSBLRVktLS0tLQpNSUlKS0FJQkFBS0NBZ0VBci91TEVPZ2xieEYvUE10TER6Y3BQN0hXcFlMUFZDb1pGL2lIUVRyQWZsWGtteCt0Ck9KQ3cxb01PSkdRbDBHWjRIYzRPOG4vRVFZc0tQU0R3ZmJ1RHNMVGM3TXNnWi95S1E0Nzl6cVZJRTRKUUNuSm8KNnE2OXNUVGpQWVNuNnN4U0NJOUF2K2pETlZqc0FvSmxtVUpUbFBDbzF1Q1ZWTGhPa3NkelJYcUVRd0lOcWp3dwphY2dmWUJyWjgrRml1MWhjVGRtSWptK3VqRFFaQ3FPRlRRNWQrWThRTUVQWTllWnRQd1dMUkRQNDJBeVJlSFRqCmtIa0l3Q0dzNDQ2bTFqelZjUzhKV2JBSHRsa0RxMzJ5UncyWldBWEVPVFhWN0NlKzFZQzFXVjVOU3U4L21xSTYKdWt1L2NxNGJHdEZ0Q1BYd3VDWGR2V3phYmM5K0ZkVnhmaHprc0RZU3hqTnBCcVBVK3BGTHR0a0p1aUk4UGJ6MQpwNVcxY0E3MmNyTnZEOG9WNjNXZVhGNzFqY2ExWGtHTjd1NHZZb1dZa016UUg3WEpGVCsrWTk5M3RtT2Y0Rk9ECkRCUm15a3dQUEZTa3M0NHlmRDM4aUNuVUM1YlRsQ2xRbk5FbWdhUG04WUpFNzlzbzgraS92aS84b2RNZHZlSkQKNndMN2ZjQUIwcURlLzZhZ3BMaFNKUGo1QnlKVWlTZWk2S1VqcHlQZ0ZCWVl6VDh5VCtqaFdnREZNT3dGMzdSawo4aDZvTkRSY0l1NitvMHRhY0NDWlh6aHViMXlZZGlBR3AzSktLOXA0Q050YTZHWVk3ak9QSFlzZjBMSmg1WGFsCmtjUmhUZDdZejZ6dUdlQVRQTFJoSUpRanorRkVQOGU2QzFtNHp1VENSZ0FEQ0Eyb3dwU255cW1sTHBjQ0F3RUEKQVFLQ0FnQU9TeVVKYzRHTzJ1SDF3eUZPbEJGaW5nUXNIMHJOc0Rtbmk4VVlsRGdNU3RldGpjNFkrUStUN01NYQpTNVFTc0Mvelk4Z3RCQm1ocFRSb3NLTTM0eUlZR1NpVWh3OFR3eHhMem5KbzlWMjhUK3BHWHZLTWxUTE5FTm1nCkpvVW8rZjF6dW9ic3ozQURoanh0RzhBNnlYdFdicEdZR2xlbXNPMlkyR0JSZFZrR3hFVHQzY09rNDk5QWhBM04KMURHYnU5cUxiQzYrT3UzM2IwZlZhR0NzV0kxamRxNCs3VlBTN1N0VVloUGtyei8zOUZWZ2JrWUpkdnN4OThvKwpGVmtScjVFNmh6S0FPVjcyL1pYaHVPemcvb2JFOG5yMGxwM1FkNDMxYzJYSFkzUnRzSzcrMVV4bDB6OHlobGVuClB2bFhML3FrU2xjUFNxY1hJakpBZmJ5aEhLR3FWOEV5Q2dXWFZaY2RiY0JoOVFndjRIdUVhNkcrRmRxRUxNVWIKWk56dCs1TjcwNHg2dklXOWRXQm1xV0xPVjRDN3FFSlhoSFFYdWZ2ZTBBNFg4eXdsamVKMkRwcElsNUdLNVlQYgpVNml0MEg0WUxybnRKVjVhdGZwWWJFUkg0TWk3cm1Sd1ZSS1NUTkNyK005d0tCZ3l4Q0FYcXIrN0MwUHQxY0xSClhYSm15ZWZKNjNPemN0UlhuMjFDdnhGK3lST3BhMkRiSmpqZ2xqU080WG1rVm45OEI4TFR1cWxwTGd6OXgyRFYKZ3VidnhiSSs5c1dOOUFoUkxrWk1rVCtPQnNzTW9mc0l5V3FoY3BSZmNOM1VvMUFtRTVmUjdHOEhWcjhqdFNHZAo4MHZiNXlDWWJUaFppemxGTTFrbWNqRldvVElxT3o5c1hCZTBnT2dzalJ5M1l0M3ZvUUtDQVFFQXlKeXZObXFNCnJxUUVBSlpkS0toaUttU1picmJKdXhGenNXQmtFamlMYmdVeXJxS3grK0h1akpSbTIxV1NieGpqdEIxTGRxVzQKRE5BbUZHWlpmbU9Fd0NmRk5XdUc5NEFhQjloN1h3QkNoczdyMkJyWWFZRTcyWWU0YVdvWFVSd1pUNUJqenlBTQpaTEZ5VnF0S1ZmVzY5VElJajlzR0tCUXhxNkxqdFJ6ZHNnYUlXaE1HSSs3cGE2cHJoUDJuTWlsdyt4UUtnTmIxCjFrZnNKNlNQZ25VVEFJTHptdXdyNWFWYml3K2o2VGFrbFBzc0NMRFY2Z1JTdmJoU2sxaXNyeTNqRm1lMElHQnEKSGVUbVVvWGNQMnM4YVBtUnluNHdCWHUzVDZINGgvbnQ5WlJhS1g4ODhOVE5EY2J1RzZzQlFycjAvY1lGZnlvZAowV1JZejZ5ODd4S3cwUUtDQVFFQTRKSUt0c3U0a1AzVzFJZGpKTFh4cEVrWktqZElFQy83MHFHanhLUmVpTGl4CklQK3hFbWJHcUduSEUyM204Uno2OG5rMnJaSFlQaFNsVFVFTlFJUGhJUW9xNytmeVNxR2F0OHN0U2VhOVA1RHUKZWhOVEtGK0JGMUwwK0JacVV3dE1ob3FtMC9MQjdGZzFMT3VUTHN4VXZvWFBEelJXakMwZnFBaVpsMFVVTy9ITApCL0FERHBHclEwdHBkbU5nQWtZSDEveTYvcmxwQ0RGM25aK1ZWLzNCaFdxY2svVlgzKzh2TmhZUFhLZVBURk5uClA2Z09md1lSVnAzVGNyUVMvQUJHQmV0YngwVXdROG1OTG95ZkVnMUszR0tnZzErRWV0SnMyWUNvMWJTVk1WQWMKbVkvQjVhTlltRGpMei9KV0dYUkl2THBpR0h0a3ByYUVLS283cllZQzV3S0NBUUVBazZjZkhzSVZnWVNlbllBTwpXUnAyQmhXOUNFdm85cExGd0V2ZDI3dGFoRU8zSmVvQmJnN0FjUi9aQko1YkJRSWd0alRKa2k0dTVOOWU1NnpkCk9iVXR3L0NCcWV2V2p0dnVUTS85SGRNbkkrbXdsSUpOdm5tci8xTnhXOFVHSEdDK0VGMkoySzBSOGhyWXVRbWgKME5yb0hBZ1RYUzRydmR2L0l3RGs4Q3lxejVrWFNwU3Q5RXluNk9LcCtGeHBidllwZmVNbVIrWHZVeVBrb05qeAo5MmNMOFZod3pCbi94U3FMMGpKVXhoVzkxUmw1TTN4VU5jV3cwSXFWM0hWcnhCUFdER3VQbkRUYVpkNVAxM1ZHCndqYS9ZOVFzaGdtU2RyYTBHUnh4dkVNcjdaQ2ZPK08yaXR0VmdVcGxmbC9Dc2NiQkF2ZDRuRHYzYm1LWksyRk0KUGZwWHdRS0NBUUF3eElZL0hBNkFyaDh4R0JXWHEwdEdlZmxWQ1p4RXA2YndIdG9Kb2doRmVKWStyRWd2enRIbApVTk5Dak9OU0NSRVdCdXl3MUxNNUNCSzlyQnJNbjljTDdjRlZSL0Y5ODRvOXo0bU9PdVZ1SUhNcFgzajNrNFhkCklzNi84VjQxbW9hTDBTQlpkcVpXUlBHSFI4RTJzSGpXeHdnb0xSMStZMjQwZDJtalNBVVUzM1ZQeS9kZCtwUk8Ka05uZU04WnR0L2VNRi80and1L2tMNW5pU1AyTmxqV29XM2FWU3ZwQ1R4YlprQURXQmkxQVRmeGwvb0RuWk5IdgpGV2NOeWIwMXJIbUlYNHdXd2hleElOdmY5L216V2QrZjdHc2ZIR2NRcFJHdVNocGdEazgzM2tYWHN6aFFQaURICkxjNVU0ak9BWTVoSUk5R1pyM0kwSWY2aE5oYXZvQ0tSQW9JQkFFSkpYT01TMzIyUEZpUjVoSDEzYTQxN1R4NzcKTGR3Ryt5T2gxN2JvQk0yeUlPRk5EV1VkSFFXV0xqNEhuS0h5NE9GN3hSR3ptV0pjNXJLd2Y1eFk3M21CWDJHQQpoV0N1bHlOR1A1Z3ZTYTBhSS95MDRoWUdMVWNDangwYWt3R2JqVmhTWm43NG5RelJGd2p2RUZBbzIwNFlsN2U0CitNM012ZEQvaHRxdU9lR0VjTytqUDE0OVlGSFdIRDNSbkN0OC9IM2ZpckpTNVV2eU9ST0ltNEZlc0pKYzdkVlEKa2tSTXFoVW1yait2T253ai9qaEpTeXNMb0hFN2VyeFNqK1JJNzl6MlpkeS9HSkd4VzZXcGVRWFdVU3A1Rk9PdgpSTTZSaW9mQ0tsWFE4K0w1L1JycXFTSjRKY2Y2dmpJenhjSGNKZS9RRkdZSjU5aGsrcGhTNkFLYWlhbz0KLS0tLS1FTkQgUlNBIFBSSVZBVEUgS0VZLS0tLS0K\n    token: w3jlxp53jwc1nadbs9uuu4qzfl3hdxqs268thsoyksn3x9z6h02lq4v3eqcds7uvjfyj7d5jha2h55sftu4dsk2xuk7ha0unh2z33jt4bsghdlf2nsg171ki1sd6k3qi\n",
            "kubelet_identity": [
              {
                "client_id": "f25b700d-f930-4622-8b92-fd3665251055",
                "object_id": "ffa262fd-bb17-45fe-9bfa-fc4ffbb81f5f",
                "user_assigned_identity_id": "/subscriptions/80646857-9142-494b-90c5-32fea6acbc41/resourceGroups/devops2-maram-d-aks-aks-node/providers/Microsoft.ManagedIdentity/userAssignedIdentities/devops2-maram-d-aks-aks-cluster-agentpool"
              }
            ],
            "kubernetes_version": "1.32",
            "linux_profile": [
              {
                "admin_username": "",
                "ssh_key": []
              }
            ],
            "location": "eastus",
            "microsoft_defender": [],
            "name": "devops2-maram-d-aks-aks-cluster",
            "network_profile": [
              {
                "dns_service_ip": "10.0.0.10",
                "docker_bridge_cidr": "",
                "load_balancer_sku": "standard",
                "network_plugin": "azure",
                "network_policy": "none",
                "pod_cidr": "10.244.0.0/16",
                "service_cidr": "10.0.0.0/16"
              }
            ],
            "node_resource_group": "devops2-maram-d-aks-aks-node",
            "node_resource_group_id": "/subscriptions/80646857-9142-494b-90c5-32fea6acbc41/resourceGroups/devops2-maram-d-aks-aks-node",
            "oidc_issuer_enabled": false,
            "oidc_issuer_url": "",
            "oms_agent": null,
            "open_service_mesh_enabled": null,
            "private_cluster_enabled": null,
            "private_fqdn": "",
            "resource_group_name": "devops2-maram-d-aks-rg",
            "role_based_access_control_enabled": true,
            "service_mesh_profile": [],
            "service_principal": [
              {
                "client_id": "msi"
              }
            ],
            "storage_profile": [
              {
                "blob_driver_enabled": false,
                "disk_driver_enabled": true,
                "file_driver_enabled": true,
                "snapshot_controller_enabled": true
              }
            ],
            "tags": {},
            "timeouts": null,
            "windows_profile": []
          },
          "sensitive_attributes": [
            [
              {
                "type": "get_attr",
                "value": "kube_admin_config"
              }
            ],
            [
              {
                "type": "get_attr",
                "value": "kube_admin_config_raw"
              }
            ],
            [
              {
                "type": "get_attr",
                "value": "kube_config"
              }
            ],
            [
              {
                "type": "get_attr",
                "value": "kube_config_raw"
              }
            ]
          ],
          "identity_schema_version": 0
        }
      ]
    },
    {
      "mode": "managed",
      "type": "azurerm_managed_disk",
      "name": "app_disk",
      "provider": "provider[\"registry.terraform.io/hashicorp/azurerm\"]",
      "instances": [
        {
          "schema_version": 1,
          "attributes": {
            "create_option": "Empty",
            "disk_access_id": "",
            "disk_encryption_set_id": "",
            "disk_iops_read_only": 0,
            "disk_iops_read_write": 500,
            "disk_mbps_read_only": 0,
            "disk_mbps_read_write": 60,
            "disk_size_gb": 10,
            "edge_zone": "",
            "encryption_settings": [],
            "gallery_image_reference_id": "",
            "hyper_v_generation": "",
            "id": "/subscriptions/80646857-9142-494b-90c5-32fea6acbc41/resourceGroups/devops2-maram-d-aks-rg/providers/Microsoft.Compute/disks/shopmaram-app-disk",
            "image_reference_id": "",
            "location": "eastus",
            "logical_sector_size": null,
            "max_shares": 0,
            "name": "shopmaram-app-disk",
            "network_access_policy": "AllowAll",
            "on_demand_bursting_enabled": false,
            "optimized_frequent_attach_enabled": false,
            "os_type": "",
            "performance_plus_enabled": false,
            "public_network_access_enabled": true,
            "resource_group_name": "devops2-maram-d-aks-rg",
            "secure_vm_disk_encryption_set_id": "",
            "security_type": "",
            "source_resource_id": "",
            "source_uri": "",
            "storage_account_id": "",
            "storage_account_type": "Standard_LRS",
            "tags": {
              "environment": "dev"
            },
            "tier": "",
            "timeouts": null,
            "trusted_launch_enabled": false,
            "upload_size_bytes": 0,
            "zone": ""
          },
          "sensitive_attributes": [],
          "identity_schema_version": 0,
          "identity": {
            "name": "shopmaram-app-disk",
            "resource_group_name": "devops2-maram-d-aks-rg",
            "subscription_id": "80646857-9142-494b-90c5-32fea6acbc41"
          },
          "private": "eyJlMmJmYjczMC1lY2FhLTExZTYtOGY4OC0zNDM2M2JjN2M0YzAiOnsiY3JlYXRlIjoxODAwMDAwMDAwMDAwLCJkZWxldGUiOjE4MDAwMDAwMDAwMDAsInJlYWQiOjMwMDAwMDAwMDAwMCwidXBkYXRlIjoxODAwMDAwMDAwMDAwfSwic2NoZW1hX3ZlcnNpb24iOiIxIn0="
        }
      ]
    },
    {
      "mode": "managed",
      "type": "azurerm_role_assignment",
      "name": "acr_pull",
      "provider": "provider[\"registry.terraform.io/hashicorp/azurerm\"]",
      "instances": [
        {
          "schema_version": 0,
          "attributes": {
            "condition": "",
            "condition_version": "",
            "delegated_managed_identity_resource_id": "",
            "description": "",
            "id": "/subscriptions/80646857-9142-494b-90c5-32fea6acbc41/resourceGroups/devops2-maram-d-aks-rg/providers/Microsoft.ContainerRegistry/registries/shopmaramacr/providers/Microsoft.Authorization/roleAssignments/8b7ad543-8f78-a052-16f8-5711d6a404fa",
            "name": "8b7ad543-8f78-a052-16f8-5711d6a404fa",
            "principal_id": "5affd08a-5600-4787-aa2e-aaf66d73a85f",
            "principal_type": "ServicePrincipal",
            "role_definition_id": "/subscriptions/80646857-9142-494b-90c5-32fea6acbc41/providers/Microsoft.Authorization/roleDefinitions/7f951dda-4ed3-4680-a7ca-43fe172d538d",
            "role_definition_name": "AcrPull",
            "scope": "/subscriptions/80646857-9142-494b-90c5-32fea6acbc41/resourceGroups/devops2-maram-d-aks-rg/providers/Microsoft.ContainerRegistry/registries/shopmaramacr",
            "skip_service_principal_aad_check": null,
            "timeouts": null
          },
          "sensitive_attributes": [],
          "identity_schema_version": 0,
          "private": "eyJlMmJmYjczMC1lY2FhLTExZTYtOGY4OC0zNDM2M2JjN2M0YzAiOnsiY3JlYXRlIjoxODAwMDAwMDAwMDAwLCJkZWxldGUiOjE4MDAwMDAwMDAwMDAsInJlYWQiOjMwMDAwMDAwMDAwMH19",
          "dependencies": [
            "data.azurerm_kubernetes_cluster.aks",
            "module.acr.azurerm_container_registry.acr"
          ]
        }
      ]
    },
    {
      "module": "module.acr",
      "mode": "managed",
      "type": "azurerm_container_registry",
      "name": "acr",
      "provider": "provider[\"registry.terraform.io/hashicorp/azurerm\"]",
      "instances": [
        {
          "schema_version": 2,
          "attributes": {
            "admin_enabled": true,
            "admin_password": "16gOh/XOgxtpdH1meDqlaxHRK7jYGz0A9S0kJ4vz92+ACRBr6TY5",
            "admin_username": "shopmaramacr",
            "anonymous_pull_enabled": false,
            "data_endpoint_enabled": false,
            "data_endpoint_host_names": [],
            "encryption": [],
            "export_policy_enabled": true,
            "georeplications": [],
            "id": "/subscriptions/80646857-9142-494b-90c5-32fea6acbc41/resourceGroups/devops2-maram-d-aks-rg/providers/Microsoft.ContainerRegistry/registries/shopmaramacr",
            "identity": [],
            "location": "eastus",
            "login_server": "shopmaramacr.azurecr.io",
            "name": "shopmaramacr",
            "network_rule_bypass_option": "AzureServices",
            "network_rule_set": [],
            "public_network_access_enabled": true,
            "quarantine_policy_enabled": false,
            "resource_group_name": "devops2-maram-d-aks-rg",
            "retention_policy_in_days": 0,
            "sku": "Standard",
            "tags": {},
            "timeouts": null,
            "trust_policy_enabled": false,
            "zone_redundancy_enabled": false
          },
          "sensitive_attributes": [
            [
              {
                "type": "get_attr",
                "value": "admin_password"
              }
            ]
          ],
          "identity_schema_version": 0,
          "private": "eyJlMmJmYjczMC1lY2FhLTExZTYtOGY4OC0zNDM2M2JjN2M0YzAiOnsiY3JlYXRlIjoxODAwMDAwMDAwMDAwLCJkZWxldGUiOjE4MDAwMDAwMDAwMDAsInJlYWQiOjMwMDAwMDAwMDAwMCwidXBkYXRlIjoxODAwMDAwMDAwMDAwfSwic2NoZW1hX3ZlcnNpb24iOiIyIn0="
        }
      ]
    },
    {
      "module": "module.network",
      "mode": "managed",
      "type": "azurerm_subnet",
      "name": "aks_subnet",
      "provider": "provider[\"registry.terraform.io/hashicorp/azurerm\"]",
      "instances": [
        {
          "schema_version": 0,
          "attributes": {
            "address_prefixes": [
              "10.0.1.0/24"
            ],
            "default_outbound_access_enabled": true,
            "delegation": [],
            "id": "/subscriptions/80646857-9142-494b-90c5-32fea6acbc41/resourceGroups/devops2-maram-d-aks-rg/providers/Microsoft.Network/virtualNetworks/shopmaram-vnet/subnets/shopmaram-aks-subnet",
            "ip_address_pool": [],
            "name": "shopmaram-aks-subnet",
            "private_endpoint_network_policies": "Disabled",
            "private_link_service_network_policies_enabled": true,
            "resource_group_name": "devops2-maram-d-aks-rg",
            "service_endpoint_policy_ids": [],
            "service_endpoints": [],
            "sharing_scope": "",
            "timeouts": null,
            "virtual_network_name": "shopmaram-vnet"
          },
          "sensitive_attributes": [],
          "identity_schema_version": 0,
          "identity": {
            "name": "shopmaram-aks-subnet",
            "resource_group_name": "devops2-maram-d-aks-rg",
            "subscription_id": "80646857-9142-494b-90c5-32fea6acbc41",
            "virtual_network_name": "shopmaram-vnet"
          },
          "private": "eyJlMmJmYjczMC1lY2FhLTExZTYtOGY4OC0zNDM2M2JjN2M0YzAiOnsiY3JlYXRlIjoxODAwMDAwMDAwMDAwLCJkZWxldGUiOjE4MDAwMDAwMDAwMDAsInJlYWQiOjMwMDAwMDAwMDAwMCwidXBkYXRlIjoxODAwMDAwMDAwMDAwfX0=",
          "dependencies": [
            "module.network.azurerm_virtual_network.vnet"
          ]
        }
      ]
    },
    {
      "module": "module.network",
      "mode": "managed",
      "type": "azurerm_virtual_network",
      "name": "vnet",
      "provider": "provider[\"registry.terraform.io/hashicorp/azurerm\"]",
      "instances": [
        {
          "schema_version": 0,
          "attributes": {
            "address_space": [
              "10.0.0.0/16"
            ],
            "bgp_community": "",
            "ddos_protection_plan": [],
            "dns_servers": [],
            "edge_zone": "",
            "encryption": [],
            "flow_timeout_in_minutes": 0,
            "guid": "b6731d4c-a2f4-4586-a936-efc66e464ec4",
            "id": "/subscriptions/80646857-9142-494b-90c5-32fea6acbc41/resourceGroups/devops2-maram-d-aks-rg/providers/Microsoft.Network/virtualNetworks/shopmaram-vnet",
            "ip_address_pool": [],
            "location": "eastus",
            "name": "shopmaram-vnet",
            "private_endpoint_vnet_policies": "Disabled",
            "resource_group_name": "devops2-maram-d-aks-rg",
            "subnet": [
              {
                "address_prefixes": [
                  "10.0.1.0/24"
                ],
                "default_outbound_access_enabled": true,
                "delegation": [],
                "id": "/subscriptions/80646857-9142-494b-90c5-32fea6acbc41/resourceGroups/devops2-maram-d-aks-rg/providers/Microsoft.Network/virtualNetworks/shopmaram-vnet/subnets/shopmaram-aks-subnet",
                "name": "shopmaram-aks-subnet",
                "private_endpoint_network_policies": "Disabled",
                "private_link_service_network_policies_enabled": true,
                "route_table_id": "",
                "security_group": "",
                "service_endpoint_policy_ids": [],
                "service_endpoints": []
              }
            ],
            "tags": {},
            "timeouts": null
          },
          "sensitive_attributes": [],
          "identity_schema_version": 0,
          "identity": {
            "name": "shopmaram-vnet",
            "resource_group_name": "devops2-maram-d-aks-rg",
            "subscription_id": "80646857-9142-494b-90c5-32fea6acbc41"
          },
          "private": "eyJlMmJmYjczMC1lY2FhLTExZTYtOGY4OC0zNDM2M2JjN2M0YzAiOnsiY3JlYXRlIjoxODAwMDAwMDAwMDAwLCJkZWxldGUiOjE4MDAwMDAwMDAwMDAsInJlYWQiOjMwMDAwMDAwMDAwMCwidXBkYXRlIjoxODAwMDAwMDAwMDAwfX0="
        }
      ]
    },
    {
      "module": "module.privatelink",
      "mode": "managed",
      "type": "azurerm_private_dns_zone",
      "name": "sql_dns",
      "provider": "provider[\"registry.terraform.io/hashicorp/azurerm\"]",
      "instances": [
        {
          "schema_version": 0,
          "attributes": {
            "id": "/subscriptions/80646857-9142-494b-90c5-32fea6acbc41/resourceGroups/devops2-maram-d-aks-rg/providers/Microsoft.Network/privateDnsZones/privatelink.database.windows.net",
            "max_number_of_record_sets": 25000,
            "max_number_of_virtual_network_links": 1000,
            "max_number_of_virtual_network_links_with_registration": 100,
            "name": "privatelink.database.windows.net",
            "number_of_record_sets": 1,
            "resource_group_name": "devops2-maram-d-aks-rg",
            "soa_record": [
              {
                "email": "azureprivatedns-host.microsoft.com",
                "expire_time": 2419200,
                "fqdn": "privatelink.database.windows.net.",
                "host_name": "azureprivatedns.net",
                "minimum_ttl": 10,
                "refresh_time": 3600,
                "retry_time": 300,
                "serial_number": 1,
                "tags": {},
                "ttl": 3600
              }
            ],
            "tags": {},
            "timeouts": null
          },
          "sensitive_attributes": [],
          "identity_schema_version": 0,
          "identity": {
            "name": "privatelink.database.windows.net",
            "resource_group_name": "devops2-maram-d-aks-rg",
            "subscription_id": "80646857-9142-494b-90c5-32fea6acbc41"
          },
          "private": "eyJlMmJmYjczMC1lY2FhLTExZTYtOGY4OC0zNDM2M2JjN2M0YzAiOnsiY3JlYXRlIjoxODAwMDAwMDAwMDAwLCJkZWxldGUiOjE4MDAwMDAwMDAwMDAsInJlYWQiOjMwMDAwMDAwMDAwMCwidXBkYXRlIjoxODAwMDAwMDAwMDAwfX0="
        }
      ]
    },
    {
      "module": "module.privatelink",
      "mode": "managed",
      "type": "azurerm_private_dns_zone_virtual_network_link",
      "name": "sql_dns_link",
      "provider": "provider[\"registry.terraform.io/hashicorp/azurerm\"]",
      "instances": [
        {
          "schema_version": 0,
          "attributes": {
            "id": "/subscriptions/80646857-9142-494b-90c5-32fea6acbc41/resourceGroups/devops2-maram-d-aks-rg/providers/Microsoft.Network/privateDnsZones/privatelink.database.windows.net/virtualNetworkLinks/shopmaram-sql-dns-link",
            "name": "shopmaram-sql-dns-link",
            "private_dns_zone_name": "privatelink.database.windows.net",
            "registration_enabled": false,
            "resolution_policy": "Default",
            "resource_group_name": "devops2-maram-d-aks-rg",
            "tags": {},
            "timeouts": null,
            "virtual_network_id": "/subscriptions/80646857-9142-494b-90c5-32fea6acbc41/resourceGroups/devops2-maram-d-aks-rg/providers/Microsoft.Network/virtualNetworks/shopmaram-vnet"
          },
          "sensitive_attributes": [],
          "identity_schema_version": 0,
          "identity": {
            "name": "shopmaram-sql-dns-link",
            "private_dns_zone_name": "privatelink.database.windows.net",
            "resource_group_name": "devops2-maram-d-aks-rg",
            "subscription_id": "80646857-9142-494b-90c5-32fea6acbc41"
          },
          "private": "eyJlMmJmYjczMC1lY2FhLTExZTYtOGY4OC0zNDM2M2JjN2M0YzAiOnsiY3JlYXRlIjoxODAwMDAwMDAwMDAwLCJkZWxldGUiOjE4MDAwMDAwMDAwMDAsInJlYWQiOjMwMDAwMDAwMDAwMCwidXBkYXRlIjoxODAwMDAwMDAwMDAwfX0=",
          "dependencies": [
            "module.network.azurerm_virtual_network.vnet",
            "module.privatelink.azurerm_private_dns_zone.sql_dns"
          ]
        }
      ]
    },
    {
      "module": "module.privatelink",
      "mode": "managed",
      "type": "azurerm_private_endpoint",
      "name": "sql_pe",
      "provider": "provider[\"registry.terraform.io/hashicorp/azurerm\"]",
      "instances": [
        {
          "schema_version": 0,
          "attributes": {
            "custom_dns_configs": [
              {
                "fqdn": "shopmaram-sqlserver.database.windows.net",
                "ip_addresses": [
                  "10.0.1.4"
                ]
              }
            ],
            "custom_network_interface_name": "",
            "id": "/subscriptions/80646857-9142-494b-90c5-32fea6acbc41/resourceGroups/devops2-maram-d-aks-rg/providers/Microsoft.Network/privateEndpoints/shopmaram-sql-pe",
            "ip_configuration": [],
            "location": "eastus",
            "name": "shopmaram-sql-pe",
            "network_interface": [
              {
                "id": "/subscriptions/80646857-9142-494b-90c5-32fea6acbc41/resourceGroups/devops2-maram-d-aks-rg/providers/Microsoft.Network/networkInterfaces/shopmaram-sql-pe.nic.39468ff8-2e9f-43df-8e19-89c8de6f902a",
                "name": "shopmaram-sql-pe.nic.39468ff8-2e9f-43df-8e19-89c8de6f902a"
              }
            ],
            "private_dns_zone_configs": [],
            "private_dns_zone_group": [],
            "private_service_connection": [
              {
                "is_manual_connection": false,
                "name": "shopmaram-sql-psc",
                "private_connection_resource_alias": "",
                "private_connection_resource_id": "/subscriptions/80646857-9142-494b-90c5-32fea6acbc41/resourceGroups/devops2-maram-d-aks-rg/providers/Microsoft.Sql/servers/shopmaram-sqlserver",
                "private_ip_address": "10.0.1.4",
                "request_message": "",
                "subresource_names": [
                  "sqlServer"
                ]
              }
            ],
            "resource_group_name": "devops2-maram-d-aks-rg",
            "subnet_id": "/subscriptions/80646857-9142-494b-90c5-32fea6acbc41/resourceGroups/devops2-maram-d-aks-rg/providers/Microsoft.Network/virtualNetworks/shopmaram-vnet/subnets/shopmaram-aks-subnet",
            "tags": {},
            "timeouts": null
          },
          "sensitive_attributes": [],
          "identity_schema_version": 0,
          "identity": {
            "name": "shopmaram-sql-pe",
            "resource_group_name": "devops2-maram-d-aks-rg",
            "subscription_id": "80646857-9142-494b-90c5-32fea6acbc41"
          },
          "private": "eyJlMmJmYjczMC1lY2FhLTExZTYtOGY4OC0zNDM2M2JjN2M0YzAiOnsiY3JlYXRlIjozNjAwMDAwMDAwMDAwLCJkZWxldGUiOjM2MDAwMDAwMDAwMDAsInJlYWQiOjMwMDAwMDAwMDAwMCwidXBkYXRlIjozNjAwMDAwMDAwMDAwfX0=",
          "dependencies": [
            "module.network.azurerm_subnet.aks_subnet",
            "module.network.azurerm_virtual_network.vnet",
            "module.sql.azurerm_mssql_server.sql_server"
          ]
        }
      ]
    },
    {
      "module": "module.public_ip",
      "mode": "managed",
      "type": "azurerm_public_ip",
      "name": "ingress_ip",
      "provider": "provider[\"registry.terraform.io/hashicorp/azurerm\"]",
      "instances": [
        {
          "schema_version": 0,
          "attributes": {
            "allocation_method": "Static",
            "ddos_protection_mode": "VirtualNetworkInherited",
            "ddos_protection_plan_id": null,
            "domain_name_label": null,
            "domain_name_label_scope": null,
            "edge_zone": "",
            "fqdn": null,
            "id": "/subscriptions/80646857-9142-494b-90c5-32fea6acbc41/resourceGroups/devops2-maram-d-aks-rg/providers/Microsoft.Network/publicIPAddresses/shopmaram-ingress-ip",
            "idle_timeout_in_minutes": 4,
            "ip_address": "70.153.84.206",
            "ip_tags": {},
            "ip_version": "IPv4",
            "location": "eastus",
            "name": "shopmaram-ingress-ip",
            "public_ip_prefix_id": null,
            "resource_group_name": "devops2-maram-d-aks-rg",
            "reverse_fqdn": null,
            "sku": "Standard",
            "sku_tier": "Regional",
            "tags": {},
            "timeouts": null,
            "zones": []
          },
          "sensitive_attributes": [],
          "identity_schema_version": 0,
          "private": "eyJlMmJmYjczMC1lY2FhLTExZTYtOGY4OC0zNDM2M2JjN2M0YzAiOnsiY3JlYXRlIjoxODAwMDAwMDAwMDAwLCJkZWxldGUiOjE4MDAwMDAwMDAwMDAsInJlYWQiOjMwMDAwMDAwMDAwMCwidXBkYXRlIjoxODAwMDAwMDAwMDAwfX0="
        }
      ]
    },
    {
      "module": "module.sql",
      "mode": "managed",
      "type": "azurerm_mssql_database",
      "name": "sql_db",
      "provider": "provider[\"registry.terraform.io/hashicorp/azurerm\"]",
      "instances": [
        {
          "schema_version": 1,
          "attributes": {
            "auto_pause_delay_in_minutes": 0,
            "collation": "SQL_Latin1_General_CP1_CI_AS",
            "create_mode": "Default",
            "creation_source_database_id": null,
            "elastic_pool_id": "",
            "enclave_type": "",
            "geo_backup_enabled": true,
            "id": "/subscriptions/80646857-9142-494b-90c5-32fea6acbc41/resourceGroups/devops2-maram-d-aks-rg/providers/Microsoft.Sql/servers/shopmaram-sqlserver/databases/shopmaram-sqldb",
            "identity": [],
            "import": [],
            "ledger_enabled": false,
            "license_type": "",
            "long_term_retention_policy": [
              {
                "immutable_backups_enabled": false,
                "monthly_retention": "PT0S",
                "week_of_year": 1,
                "weekly_retention": "PT0S",
                "yearly_retention": "PT0S"
              }
            ],
            "maintenance_configuration_name": "SQL_Default",
            "max_size_gb": 2,
            "min_capacity": 0,
            "name": "shopmaram-sqldb",
            "read_replica_count": 0,
            "read_scale": false,
            "recover_database_id": null,
            "recovery_point_id": null,
            "restore_dropped_database_id": null,
            "restore_long_term_retention_backup_id": null,
            "restore_point_in_time": null,
            "sample_name": null,
            "secondary_type": "",
            "server_id": "/subscriptions/80646857-9142-494b-90c5-32fea6acbc41/resourceGroups/devops2-maram-d-aks-rg/providers/Microsoft.Sql/servers/shopmaram-sqlserver",
            "short_term_retention_policy": [
              {
                "backup_interval_in_hours": 24,
                "retention_days": 7
              }
            ],
            "sku_name": "Basic",
            "storage_account_type": "Local",
            "tags": null,
            "threat_detection_policy": [
              {
                "disabled_alerts": [],
                "email_account_admins": "Disabled",
                "email_addresses": [],
                "retention_days": 0,
                "state": "Disabled",
                "storage_account_access_key": "",
                "storage_endpoint": ""
              }
            ],
            "timeouts": null,
            "transparent_data_encryption_enabled": true,
            "transparent_data_encryption_key_automatic_rotation_enabled": false,
            "transparent_data_encryption_key_vault_key_id": "",
            "zone_redundant": false
          },
          "sensitive_attributes": [
            [
              {
                "type": "get_attr",
                "value": "threat_detection_policy"
              },
              {
                "type": "index",
                "value": {
                  "value": 0,
                  "type": "number"
                }
              },
              {
                "type": "get_attr",
                "value": "storage_account_access_key"
              }
            ]
          ],
          "identity_schema_version": 0,
          "private": "eyJlMmJmYjczMC1lY2FhLTExZTYtOGY4OC0zNDM2M2JjN2M0YzAiOnsiY3JlYXRlIjozNjAwMDAwMDAwMDAwLCJkZWxldGUiOjM2MDAwMDAwMDAwMDAsInJlYWQiOjMwMDAwMDAwMDAwMCwidXBkYXRlIjozNjAwMDAwMDAwMDAwfSwic2NoZW1hX3ZlcnNpb24iOiIxIn0=",
          "dependencies": [
            "module.sql.azurerm_mssql_server.sql_server"
          ]
        }
      ]
    },
    {
      "module": "module.sql",
      "mode": "managed",
      "type": "azurerm_mssql_server",
      "name": "sql_server",
      "provider": "provider[\"registry.terraform.io/hashicorp/azurerm\"]",
      "instances": [
        {
          "schema_version": 0,
          "attributes": {
            "administrator_login": "adminuser",
            "administrator_login_password": "StrongPassword123!",
            "administrator_login_password_wo": null,
            "administrator_login_password_wo_version": 0,
            "azuread_administrator": [],
            "connection_policy": "Default",
            "express_vulnerability_assessment_enabled": false,
            "fully_qualified_domain_name": "shopmaram-sqlserver.database.windows.net",
            "id": "/subscriptions/80646857-9142-494b-90c5-32fea6acbc41/resourceGroups/devops2-maram-d-aks-rg/providers/Microsoft.Sql/servers/shopmaram-sqlserver",
            "identity": [],
            "location": "eastus",
            "minimum_tls_version": "1.2",
            "name": "shopmaram-sqlserver",
            "outbound_network_restriction_enabled": false,
            "primary_user_assigned_identity_id": "",
            "public_network_access_enabled": true,
            "resource_group_name": "devops2-maram-d-aks-rg",
            "restorable_dropped_database_ids": [],
            "tags": {},
            "timeouts": null,
            "transparent_data_encryption_key_vault_key_id": "",
            "version": "12.0"
          },
          "sensitive_attributes": [
            [
              {
                "type": "get_attr",
                "value": "administrator_login"
              }
            ],
            [
              {
                "type": "get_attr",
                "value": "administrator_login_password"
              }
            ],
            [
              {
                "type": "get_attr",
                "value": "administrator_login_password_wo"
              }
            ]
          ],
          "identity_schema_version": 0,
          "private": "eyJlMmJmYjczMC1lY2FhLTExZTYtOGY4OC0zNDM2M2JjN2M0YzAiOnsiY3JlYXRlIjozNjAwMDAwMDAwMDAwLCJkZWxldGUiOjM2MDAwMDAwMDAwMDAsInJlYWQiOjMwMDAwMDAwMDAwMCwidXBkYXRlIjozNjAwMDAwMDAwMDAwfX0="
        }
      ]
    }
  ],
  "check_results": null
}
